
Microsoft Visual Studio Solution File, Format Version 12.00
# Visual Studio Version 16
VisualStudioVersion = 16.0.29613.14
MinimumVisualStudioVersion = 10.0.40219.1
Project("{FAE04EC0-301F-11D3-BF4B-00C04F79EFBC}") = "Last lesson", "Last lesson\Last lesson.csproj", "{B7655AEB-0906-4E3F-B9A8-710AB90B4F2A}"
EndProject
Global
	GlobalSection(SolutionConfigurationPlatforms) = preSolution
		Debug|Any CPU = Debug|Any CPU
		Release|Any CPU = Release|Any CPU
	EndGlobalSection
	GlobalSection(ProjectConfigurationPlatforms) = postSolution
		{B7655AEB-0906-4E3F-B9A8-710AB90B4F2A}.Debug|Any CPU.ActiveCfg = Debug|Any CPU
		{B7655AEB-0906-4E3F-B9A8-710AB90B4F2A}.Debug|Any CPU.Build.0 = Debug|Any CPU
		{B7655AEB-0906-4E3F-B9A8-710AB90B4F2A}.Release|Any CPU.ActiveCfg = Release|Any CPU
		{B7655AEB-0906-4E3F-B9A8-710AB90B4F2A}.Release|Any CPU.Build.0 = Release|Any CPU
	EndGlobalSection
	GlobalSection(SolutionProperties) = preSolution
		HideSolutionNode = FALSE
	EndGlobalSection
	GlobalSection(ExtensibilityGlobals) = postSolution
		SolutionGuid = {C90862B9-6A17-4D2F-B5FA-05FD0D46CDE5}
	EndGlobalSection
EndGlobal
